
Microsoft Visual Studio Solution File, Format Version 12.00
# Visual Studio Version 17
VisualStudioVersion = 17.11.35312.102
MinimumVisualStudioVersion = 10.0.40219.1
Project("{FAE04EC0-301F-11D3-BF4B-00C04F79EFBC}") = "Collection", "Collection\Collection.csproj", "{B543C1FB-15C0-4985-B4DF-775635817FE8}"
EndProject
Project("{FAE04EC0-301F-11D3-BF4B-00C04F79EFBC}") = "Julius_MineSweeper", "Julius_MineSweeper\Julius_MineSweeper.csproj", "{DB348DD8-0798-478B-858C-9C064AA98C40}"
EndProject
Project("{FAE04EC0-301F-11D3-BF4B-00C04F79EFBC}") = "Testings", "Testings\Testings.csproj", "{3E4F43D3-B98D-4B68-8129-6F24852B3EDD}"
EndProject
Global
	GlobalSection(SolutionConfigurationPlatforms) = preSolution
		Debug|Any CPU = Debug|Any CPU
		Release|Any CPU = Release|Any CPU
	EndGlobalSection
	GlobalSection(ProjectConfigurationPlatforms) = postSolution
		{B543C1FB-15C0-4985-B4DF-775635817FE8}.Debug|Any CPU.ActiveCfg = Debug|Any CPU
		{B543C1FB-15C0-4985-B4DF-775635817FE8}.Debug|Any CPU.Build.0 = Debug|Any CPU
		{B543C1FB-15C0-4985-B4DF-775635817FE8}.Release|Any CPU.ActiveCfg = Release|Any CPU
		{B543C1FB-15C0-4985-B4DF-775635817FE8}.Release|Any CPU.Build.0 = Release|Any CPU
		{DB348DD8-0798-478B-858C-9C064AA98C40}.Debug|Any CPU.ActiveCfg = Debug|Any CPU
		{DB348DD8-0798-478B-858C-9C064AA98C40}.Debug|Any CPU.Build.0 = Debug|Any CPU
		{DB348DD8-0798-478B-858C-9C064AA98C40}.Release|Any CPU.ActiveCfg = Release|Any CPU
		{DB348DD8-0798-478B-858C-9C064AA98C40}.Release|Any CPU.Build.0 = Release|Any CPU
		{3E4F43D3-B98D-4B68-8129-6F24852B3EDD}.Debug|Any CPU.ActiveCfg = Debug|Any CPU
		{3E4F43D3-B98D-4B68-8129-6F24852B3EDD}.Debug|Any CPU.Build.0 = Debug|Any CPU
		{3E4F43D3-B98D-4B68-8129-6F24852B3EDD}.Release|Any CPU.ActiveCfg = Release|Any CPU
		{3E4F43D3-B98D-4B68-8129-6F24852B3EDD}.Release|Any CPU.Build.0 = Release|Any CPU
	EndGlobalSection
	GlobalSection(SolutionProperties) = preSolution
		HideSolutionNode = FALSE
	EndGlobalSection
	GlobalSection(ExtensibilityGlobals) = postSolution
		SolutionGuid = {D71D22F3-0B47-4AD2-8224-0D0634720FA0}
	EndGlobalSection
EndGlobal
